
Microsoft Visual Studio Solution File, Format Version 12.00
# Visual Studio Version 17
VisualStudioVersion = 17.7.34221.43
MinimumVisualStudioVersion = 10.0.40219.1
Project("{9A19103F-16F7-4668-BE54-9A1E7A4F7556}") = "App5", "App5.csproj", "{22BBE4DF-A4B8-43C4-A79A-FD60F2435ACD}"
EndProject
Global
	GlobalSection(SolutionConfigurationPlatforms) = preSolution
		Debug|Any CPU = Debug|Any CPU
		Release|Any CPU = Release|Any CPU
	EndGlobalSection
	GlobalSection(ProjectConfigurationPlatforms) = postSolution
		{22BBE4DF-A4B8-43C4-A79A-FD60F2435ACD}.Debug|Any CPU.ActiveCfg = Debug|Any CPU
		{22BBE4DF-A4B8-43C4-A79A-FD60F2435ACD}.Debug|Any CPU.Build.0 = Debug|Any CPU
		{22BBE4DF-A4B8-43C4-A79A-FD60F2435ACD}.Release|Any CPU.ActiveCfg = Release|Any CPU
		{22BBE4DF-A4B8-43C4-A79A-FD60F2435ACD}.Release|Any CPU.Build.0 = Release|Any CPU
	EndGlobalSection
	GlobalSection(SolutionProperties) = preSolution
		HideSolutionNode = FALSE
	EndGlobalSection
	GlobalSection(ExtensibilityGlobals) = postSolution
		SolutionGuid = {1DDE5283-0E36-4BCA-8599-A55279E87319}
	EndGlobalSection
EndGlobal
